// !$*UTF8*$!
{
	archiveVersion = 1;
	classes = {
	};
	objectVersion = 77;
	objects = {

/* Begin PBXCopyFilesBuildPhase section */
		F14BE1582D69803700694250 /* CopyFiles */ = {
			isa = PBXCopyFilesBuildPhase;
			buildActionMask = 2147483647;
			dstPath = /usr/share/man/man1/;
			dstSubfolderSpec = 0;
			files = (
			);
			runOnlyForDeploymentPostprocessing = 1;
		};
/* End PBXCopyFilesBuildPhase section */

/* Begin PBXFileReference section */
		F14BE15A2D69803700694250 /* Algorithm */ = {isa = PBXFileReference; explicitFileType = "compiled.mach-o.executable"; includeInIndex = 0; path = Algorithm; sourceTree = BUILT_PRODUCTS_DIR; };
		F1F110B12D76B2C200527D54 /* AlgorithmTests.xctest */ = {isa = PBXFileReference; explicitFileType = wrapper.cfbundle; includeInIndex = 0; path = AlgorithmTests.xctest; sourceTree = BUILT_PRODUCTS_DIR; };
/* End PBXFileReference section */

/* Begin PBXFileSystemSynchronizedBuildFileExceptionSet section */
		F1F1111C2D76B31200527D54 /* Exceptions for "Algorithm" folder in "AlgorithmTests" target */ = {
			isa = PBXFileSystemSynchronizedBuildFileExceptionSet;
			membershipExceptions = (
				"S1/00-Complexity/Fibonacci.swift",
				"S1/01-StaticArray/FixedSizeArray.swift",
				"S1/02-DynamicArray/ArrayList.swift",
				"S1/03-List/CircleDoubleLinkedList.swift",
				"S1/03-List/CircleLinkedList.swift",
				"S1/03-List/DoubleLinkedList.swift",
				"S1/03-List/Interface/List.swift",
				"S1/03-List/LinkedList.swift",
				"S1/03-List/StaticLinkedList.swift",
				"S1/03-List/VirtualHeadNodeLinkedList.swift",
				"S1/04-Stack/Stack.swift",
				"S1/05-Queue/CircularDeque.swift",
				"S1/05-Queue/CircularQueue.swift",
				"S1/05-Queue/Deque.swift",
				"S1/05-Queue/Queue.swift",
				"S1/06-BinarySearchTree/BianryTree+LeetCode.swift",
				"S1/06-BinarySearchTree/BinaryTree.swift",
				"S1/06-BinarySearchTree/BST.swift",
				"S1/07-AVLTree/AVLTree.swift",
				"S1/07-AVLTree/BBST.swift",
				"S1/08-RBTree/RBTree.swift",
				"S1/09-Set/ListSet.swift",
				"S1/09-Set/MapSet.swift",
				"S1/09-Set/Protocol/SetProtocol.swift",
				"S1/09-Set/TreeSet.swift",
				"S1/10-Map/Protocol/MapProtocol.swift",
				"S1/10-Map/TreeMap.swift",
				"S1/11-Hash/Hash.swift",
				"S1/11-Hash/HashMap.swift",
				"S1/12-Heap/AbstractHeap.swift",
				"S1/12-Heap/BianryHeap.swift",
				"S1/12-Heap/Heap.swift",
				"S1/13-PriorityQueue/PriorityQueue.swift",
				S1/Leetcode/Solution1.swift,
				S1/Leetcode/Solution20.swift,
				S1/Leetcode/Solution42.swift,
				S1/Leetcode/Solution141.swift,
				S1/Leetcode/Solution150.swift,
				S1/Leetcode/Solution206.swift,
				S1/Leetcode/Solution224.swift,
				S1/Leetcode/Solution226.swift,
				S1/Leetcode/Solution232.swift,
				S1/Leetcode/Solution237.swift,
				S1/Leetcode/Solution856.swift,
				S1/Leetcode/Solution1823.swift,
				"S2/01-Sort/BinarySearch.swift",
				"S2/01-Sort/BubbleSort.swift",
				"S2/01-Sort/BubbleSort2.swift",
				"S2/01-Sort/BubbleSort3.swift",
				"S2/01-Sort/HeapSort.swift",
				"S2/01-Sort/InsertionSort1.swift",
				"S2/01-Sort/InsertionSort2.swift",
				"S2/01-Sort/InsertionSort3.swift",
				"S2/01-Sort/SelectionSort.swift",
				"S2/01-Sort/Sort.swift",
				"S2/03-Graph/ListGraph.swift",
			);
			target = F1F110B02D76B2C200527D54 /* AlgorithmTests */;
		};
/* End PBXFileSystemSynchronizedBuildFileExceptionSet section */

/* Begin PBXFileSystemSynchronizedRootGroup section */
		F1F1105D2D76B27900527D54 /* Algorithm */ = {
			isa = PBXFileSystemSynchronizedRootGroup;
			exceptions = (
				F1F1111C2D76B31200527D54 /* Exceptions for "Algorithm" folder in "AlgorithmTests" target */,
			);
			path = Algorithm;
			sourceTree = "<group>";
		};
		F1F110B22D76B2C200527D54 /* AlgoTests */ = {
			isa = PBXFileSystemSynchronizedRootGroup;
			path = AlgoTests;
			sourceTree = "<group>";
		};
/* End PBXFileSystemSynchronizedRootGroup section */

/* Begin PBXFrameworksBuildPhase section */
		F14BE1572D69803700694250 /* Frameworks */ = {
			isa = PBXFrameworksBuildPhase;
			buildActionMask = 2147483647;
			files = (
			);
			runOnlyForDeploymentPostprocessing = 0;
		};
		F1F110AE2D76B2C200527D54 /* Frameworks */ = {
			isa = PBXFrameworksBuildPhase;
			buildActionMask = 2147483647;
			files = (
			);
			runOnlyForDeploymentPostprocessing = 0;
		};
/* End PBXFrameworksBuildPhase section */

/* Begin PBXGroup section */
		F14BE1512D69803700694250 = {
			isa = PBXGroup;
			children = (
				F1F1105D2D76B27900527D54 /* Algorithm */,
				F1F110B22D76B2C200527D54 /* AlgoTests */,
				F14BE15B2D69803700694250 /* Products */,
			);
			sourceTree = "<group>";
		};
		F14BE15B2D69803700694250 /* Products */ = {
			isa = PBXGroup;
			children = (
				F14BE15A2D69803700694250 /* Algorithm */,
				F1F110B12D76B2C200527D54 /* AlgorithmTests.xctest */,
			);
			name = Products;
			sourceTree = "<group>";
		};
/* End PBXGroup section */

/* Begin PBXNativeTarget section */
		F14BE1592D69803700694250 /* Algorithm */ = {
			isa = PBXNativeTarget;
			buildConfigurationList = F14BE1612D69803700694250 /* Build configuration list for PBXNativeTarget "Algorithm" */;
			buildPhases = (
				F14BE1562D69803700694250 /* Sources */,
				F14BE1572D69803700694250 /* Frameworks */,
				F14BE1582D69803700694250 /* CopyFiles */,
			);
			buildRules = (
			);
			dependencies = (
			);
			fileSystemSynchronizedGroups = (
				F1F1105D2D76B27900527D54 /* Algorithm */,
			);
			name = Algorithm;
			packageProductDependencies = (
			);
			productName = Algo;
			productReference = F14BE15A2D69803700694250 /* Algorithm */;
			productType = "com.apple.product-type.tool";
		};
		F1F110B02D76B2C200527D54 /* AlgorithmTests */ = {
			isa = PBXNativeTarget;
			buildConfigurationList = F1F110B52D76B2C200527D54 /* Build configuration list for PBXNativeTarget "AlgorithmTests" */;
			buildPhases = (
				F1F110AD2D76B2C200527D54 /* Sources */,
				F1F110AE2D76B2C200527D54 /* Frameworks */,
				F1F110AF2D76B2C200527D54 /* Resources */,
			);
			buildRules = (
			);
			dependencies = (
			);
			fileSystemSynchronizedGroups = (
				F1F110B22D76B2C200527D54 /* AlgoTests */,
			);
			name = AlgorithmTests;
			packageProductDependencies = (
			);
			productName = AlgoTests;
			productReference = F1F110B12D76B2C200527D54 /* AlgorithmTests.xctest */;
			productType = "com.apple.product-type.bundle.unit-test";
		};
/* End PBXNativeTarget section */

/* Begin PBXProject section */
		F14BE1522D69803700694250 /* Project object */ = {
			isa = PBXProject;
			attributes = {
				BuildIndependentTargetsInParallel = 1;
				LastSwiftUpdateCheck = 1620;
				LastUpgradeCheck = 1620;
				TargetAttributes = {
					F14BE1592D69803700694250 = {
						CreatedOnToolsVersion = 16.2;
					};
					F1F110B02D76B2C200527D54 = {
						CreatedOnToolsVersion = 16.2;
					};
				};
			};
			buildConfigurationList = F14BE1552D69803700694250 /* Build configuration list for PBXProject "Algorithm" */;
			developmentRegion = en;
			hasScannedForEncodings = 0;
			knownRegions = (
				en,
				Base,
			);
			mainGroup = F14BE1512D69803700694250;
			minimizedProjectReferenceProxies = 1;
			preferredProjectObjectVersion = 77;
			productRefGroup = F14BE15B2D69803700694250 /* Products */;
			projectDirPath = "";
			projectRoot = "";
			targets = (
				F14BE1592D69803700694250 /* Algorithm */,
				F1F110B02D76B2C200527D54 /* AlgorithmTests */,
			);
		};
/* End PBXProject section */

/* Begin PBXResourcesBuildPhase section */
		F1F110AF2D76B2C200527D54 /* Resources */ = {
			isa = PBXResourcesBuildPhase;
			buildActionMask = 2147483647;
			files = (
			);
			runOnlyForDeploymentPostprocessing = 0;
		};
/* End PBXResourcesBuildPhase section */

/* Begin PBXSourcesBuildPhase section */
		F14BE1562D69803700694250 /* Sources */ = {
			isa = PBXSourcesBuildPhase;
			buildActionMask = 2147483647;
			files = (
			);
			runOnlyForDeploymentPostprocessing = 0;
		};
		F1F110AD2D76B2C200527D54 /* Sources */ = {
			isa = PBXSourcesBuildPhase;
			buildActionMask = 2147483647;
			files = (
			);
			runOnlyForDeploymentPostprocessing = 0;
		};
/* End PBXSourcesBuildPhase section */

/* Begin XCBuildConfiguration section */
		F14BE15F2D69803700694250 /* Debug */ = {
			isa = XCBuildConfiguration;
			buildSettings = {
				ALWAYS_SEARCH_USER_PATHS = NO;
				ASSETCATALOG_COMPILER_GENERATE_SWIFT_ASSET_SYMBOL_EXTENSIONS = YES;
				CLANG_ANALYZER_NONNULL = YES;
				CLANG_ANALYZER_NUMBER_OBJECT_CONVERSION = YES_AGGRESSIVE;
				CLANG_CXX_LANGUAGE_STANDARD = "gnu++20";
				CLANG_ENABLE_MODULES = YES;
				CLANG_ENABLE_OBJC_ARC = YES;
				CLANG_ENABLE_OBJC_WEAK = YES;
				CLANG_WARN_BLOCK_CAPTURE_AUTORELEASING = YES;
				CLANG_WARN_BOOL_CONVERSION = YES;
				CLANG_WARN_COMMA = YES;
				CLANG_WARN_CONSTANT_CONVERSION = YES;
				CLANG_WARN_DEPRECATED_OBJC_IMPLEMENTATIONS = YES;
				CLANG_WARN_DIRECT_OBJC_ISA_USAGE = YES_ERROR;
				CLANG_WARN_DOCUMENTATION_COMMENTS = YES;
				CLANG_WARN_EMPTY_BODY = YES;
				CLANG_WARN_ENUM_CONVERSION = YES;
				CLANG_WARN_INFINITE_RECURSION = YES;
				CLANG_WARN_INT_CONVERSION = YES;
				CLANG_WARN_NON_LITERAL_NULL_CONVERSION = YES;
				CLANG_WARN_OBJC_IMPLICIT_RETAIN_SELF = YES;
				CLANG_WARN_OBJC_LITERAL_CONVERSION = YES;
				CLANG_WARN_OBJC_ROOT_CLASS = YES_ERROR;
				CLANG_WARN_QUOTED_INCLUDE_IN_FRAMEWORK_HEADER = YES;
				CLANG_WARN_RANGE_LOOP_ANALYSIS = YES;
				CLANG_WARN_STRICT_PROTOTYPES = YES;
				CLANG_WARN_SUSPICIOUS_MOVE = YES;
				CLANG_WARN_UNGUARDED_AVAILABILITY = YES_AGGRESSIVE;
				CLANG_WARN_UNREACHABLE_CODE = YES;
				CLANG_WARN__DUPLICATE_METHOD_MATCH = YES;
				COPY_PHASE_STRIP = NO;
				DEBUG_INFORMATION_FORMAT = dwarf;
				ENABLE_STRICT_OBJC_MSGSEND = YES;
				ENABLE_TESTABILITY = YES;
				ENABLE_USER_SCRIPT_SANDBOXING = YES;
				GCC_C_LANGUAGE_STANDARD = gnu17;
				GCC_DYNAMIC_NO_PIC = NO;
				GCC_NO_COMMON_BLOCKS = YES;
				GCC_OPTIMIZATION_LEVEL = 0;
				GCC_PREPROCESSOR_DEFINITIONS = (
					"DEBUG=1",
					"$(inherited)",
				);
				GCC_WARN_64_TO_32_BIT_CONVERSION = YES;
				GCC_WARN_ABOUT_RETURN_TYPE = YES_ERROR;
				GCC_WARN_UNDECLARED_SELECTOR = YES;
				GCC_WARN_UNINITIALIZED_AUTOS = YES_AGGRESSIVE;
				GCC_WARN_UNUSED_FUNCTION = YES;
				GCC_WARN_UNUSED_VARIABLE = YES;
				LOCALIZATION_PREFERS_STRING_CATALOGS = YES;
				MACOSX_DEPLOYMENT_TARGET = 15.0;
				MTL_ENABLE_DEBUG_INFO = INCLUDE_SOURCE;
				MTL_FAST_MATH = YES;
				ONLY_ACTIVE_ARCH = YES;
				SDKROOT = macosx;
				SWIFT_ACTIVE_COMPILATION_CONDITIONS = "DEBUG $(inherited)";
				SWIFT_OPTIMIZATION_LEVEL = "-Onone";
			};
			name = Debug;
		};
		F14BE1602D69803700694250 /* Release */ = {
			isa = XCBuildConfiguration;
			buildSettings = {
				ALWAYS_SEARCH_USER_PATHS = NO;
				ASSETCATALOG_COMPILER_GENERATE_SWIFT_ASSET_SYMBOL_EXTENSIONS = YES;
				CLANG_ANALYZER_NONNULL = YES;
				CLANG_ANALYZER_NUMBER_OBJECT_CONVERSION = YES_AGGRESSIVE;
				CLANG_CXX_LANGUAGE_STANDARD = "gnu++20";
				CLANG_ENABLE_MODULES = YES;
				CLANG_ENABLE_OBJC_ARC = YES;
				CLANG_ENABLE_OBJC_WEAK = YES;
				CLANG_WARN_BLOCK_CAPTURE_AUTORELEASING = YES;
				CLANG_WARN_BOOL_CONVERSION = YES;
				CLANG_WARN_COMMA = YES;
				CLANG_WARN_CONSTANT_CONVERSION = YES;
				CLANG_WARN_DEPRECATED_OBJC_IMPLEMENTATIONS = YES;
				CLANG_WARN_DIRECT_OBJC_ISA_USAGE = YES_ERROR;
				CLANG_WARN_DOCUMENTATION_COMMENTS = YES;
				CLANG_WARN_EMPTY_BODY = YES;
				CLANG_WARN_ENUM_CONVERSION = YES;
				CLANG_WARN_INFINITE_RECURSION = YES;
				CLANG_WARN_INT_CONVERSION = YES;
				CLANG_WARN_NON_LITERAL_NULL_CONVERSION = YES;
				CLANG_WARN_OBJC_IMPLICIT_RETAIN_SELF = YES;
				CLANG_WARN_OBJC_LITERAL_CONVERSION = YES;
				CLANG_WARN_OBJC_ROOT_CLASS = YES_ERROR;
				CLANG_WARN_QUOTED_INCLUDE_IN_FRAMEWORK_HEADER = YES;
				CLANG_WARN_RANGE_LOOP_ANALYSIS = YES;
				CLANG_WARN_STRICT_PROTOTYPES = YES;
				CLANG_WARN_SUSPICIOUS_MOVE = YES;
				CLANG_WARN_UNGUARDED_AVAILABILITY = YES_AGGRESSIVE;
				CLANG_WARN_UNREACHABLE_CODE = YES;
				CLANG_WARN__DUPLICATE_METHOD_MATCH = YES;
				COPY_PHASE_STRIP = NO;
				DEBUG_INFORMATION_FORMAT = "dwarf-with-dsym";
				ENABLE_NS_ASSERTIONS = NO;
				ENABLE_STRICT_OBJC_MSGSEND = YES;
				ENABLE_USER_SCRIPT_SANDBOXING = YES;
				GCC_C_LANGUAGE_STANDARD = gnu17;
				GCC_NO_COMMON_BLOCKS = YES;
				GCC_WARN_64_TO_32_BIT_CONVERSION = YES;
				GCC_WARN_ABOUT_RETURN_TYPE = YES_ERROR;
				GCC_WARN_UNDECLARED_SELECTOR = YES;
				GCC_WARN_UNINITIALIZED_AUTOS = YES_AGGRESSIVE;
				GCC_WARN_UNUSED_FUNCTION = YES;
				GCC_WARN_UNUSED_VARIABLE = YES;
				LOCALIZATION_PREFERS_STRING_CATALOGS = YES;
				MACOSX_DEPLOYMENT_TARGET = 15.0;
				MTL_ENABLE_DEBUG_INFO = NO;
				MTL_FAST_MATH = YES;
				SDKROOT = macosx;
				SWIFT_COMPILATION_MODE = wholemodule;
			};
			name = Release;
		};
		F14BE1622D69803700694250 /* Debug */ = {
			isa = XCBuildConfiguration;
			buildSettings = {
				CODE_SIGN_STYLE = Automatic;
				DEVELOPMENT_TEAM = 2JSKY93FHH;
				ENABLE_HARDENED_RUNTIME = YES;
				PRODUCT_NAME = "$(TARGET_NAME)";
				SWIFT_VERSION = 5.0;
			};
			name = Debug;
		};
		F14BE1632D69803700694250 /* Release */ = {
			isa = XCBuildConfiguration;
			buildSettings = {
				CODE_SIGN_STYLE = Automatic;
				DEVELOPMENT_TEAM = 2JSKY93FHH;
				ENABLE_HARDENED_RUNTIME = YES;
				PRODUCT_NAME = "$(TARGET_NAME)";
				SWIFT_VERSION = 5.0;
			};
			name = Release;
		};
		F1F110B62D76B2C200527D54 /* Debug */ = {
			isa = XCBuildConfiguration;
			buildSettings = {
				CODE_SIGN_STYLE = Automatic;
				CURRENT_PROJECT_VERSION = 1;
				DEVELOPMENT_TEAM = 2JSKY93FHH;
				GENERATE_INFOPLIST_FILE = YES;
				MARKETING_VERSION = 1.0;
				PRODUCT_BUNDLE_IDENTIFIER = com.fooman.Yahoo.AlgoTests;
				PRODUCT_NAME = "$(TARGET_NAME)";
				SWIFT_EMIT_LOC_STRINGS = NO;
				SWIFT_VERSION = 5.0;
			};
			name = Debug;
		};
		F1F110B72D76B2C200527D54 /* Release */ = {
			isa = XCBuildConfiguration;
			buildSettings = {
				CODE_SIGN_STYLE = Automatic;
				CURRENT_PROJECT_VERSION = 1;
				DEVELOPMENT_TEAM = 2JSKY93FHH;
				GENERATE_INFOPLIST_FILE = YES;
				MARKETING_VERSION = 1.0;
				PRODUCT_BUNDLE_IDENTIFIER = com.fooman.Yahoo.AlgoTests;
				PRODUCT_NAME = "$(TARGET_NAME)";
				SWIFT_EMIT_LOC_STRINGS = NO;
				SWIFT_VERSION = 5.0;
			};
			name = Release;
		};
/* End XCBuildConfiguration section */

/* Begin XCConfigurationList section */
		F14BE1552D69803700694250 /* Build configuration list for PBXProject "Algorithm" */ = {
			isa = XCConfigurationList;
			buildConfigurations = (
				F14BE15F2D69803700694250 /* Debug */,
				F14BE1602D69803700694250 /* Release */,
			);
			defaultConfigurationIsVisible = 0;
			defaultConfigurationName = Release;
		};
		F14BE1612D69803700694250 /* Build configuration list for PBXNativeTarget "Algorithm" */ = {
			isa = XCConfigurationList;
			buildConfigurations = (
				F14BE1622D69803700694250 /* Debug */,
				F14BE1632D69803700694250 /* Release */,
			);
			defaultConfigurationIsVisible = 0;
			defaultConfigurationName = Release;
		};
		F1F110B52D76B2C200527D54 /* Build configuration list for PBXNativeTarget "AlgorithmTests" */ = {
			isa = XCConfigurationList;
			buildConfigurations = (
				F1F110B62D76B2C200527D54 /* Debug */,
				F1F110B72D76B2C200527D54 /* Release */,
			);
			defaultConfigurationIsVisible = 0;
			defaultConfigurationName = Release;
		};
/* End XCConfigurationList section */
	};
	rootObject = F14BE1522D69803700694250 /* Project object */;
}
